
Microsoft Visual Studio Solution File, Format Version 12.00
# Visual Studio Version 17
VisualStudioVersion = 17.13.35825.156
MinimumVisualStudioVersion = 10.0.40219.1
Project("{FAE04EC0-301F-11D3-BF4B-00C04F79EFBC}") = "ClusterOS", "ClusterOS\ClusterOS.csproj", "{C3D00056-4BD7-4273-A057-55A1786E4973}"
EndProject
Project("{FAE04EC0-301F-11D3-BF4B-00C04F79EFBC}") = "TrayServiceLib", "TrayServiceLib\TrayServiceLib.csproj", "{FFEF38CC-F018-445C-891B-00DE0D09FCD5}"
EndProject
Project("{FAE04EC0-301F-11D3-BF4B-00C04F79EFBC}") = "WinTracker", "WinTracker\WinTracker.csproj", "{B65D254B-3B75-47CC-8457-F0E917C4F5EB}"
EndProject
Project("{FAE04EC0-301F-11D3-BF4B-00C04F79EFBC}") = "Hub", "Hub\Hub.csproj", "{E3573D15-7578-4D21-92C9-A8570758E2BD}"
EndProject
Project("{FAE04EC0-301F-11D3-BF4B-00C04F79EFBC}") = "MarkdownLib", "MarkdownLib\MarkdownLib.csproj", "{186897A3-201C-4ACE-9063-88E821B9EB10}"
EndProject
Global
	GlobalSection(SolutionConfigurationPlatforms) = preSolution
		Debug|ARM64 = Debug|ARM64
		Debug|x64 = Debug|x64
		Debug|x86 = Debug|x86
		DevDebug|ARM64 = DevDebug|ARM64
		DevDebug|x64 = DevDebug|x64
		DevDebug|x86 = DevDebug|x86
		Release|ARM64 = Release|ARM64
		Release|x64 = Release|x64
		Release|x86 = Release|x86
	EndGlobalSection
	GlobalSection(ProjectConfigurationPlatforms) = postSolution
		{C3D00056-4BD7-4273-A057-55A1786E4973}.Debug|ARM64.ActiveCfg = Debug|ARM64
		{C3D00056-4BD7-4273-A057-55A1786E4973}.Debug|ARM64.Build.0 = Debug|ARM64
		{C3D00056-4BD7-4273-A057-55A1786E4973}.Debug|ARM64.Deploy.0 = Debug|ARM64
		{C3D00056-4BD7-4273-A057-55A1786E4973}.Debug|x64.ActiveCfg = Debug|x64
		{C3D00056-4BD7-4273-A057-55A1786E4973}.Debug|x64.Build.0 = Debug|x64
		{C3D00056-4BD7-4273-A057-55A1786E4973}.Debug|x64.Deploy.0 = Debug|x64
		{C3D00056-4BD7-4273-A057-55A1786E4973}.Debug|x86.ActiveCfg = Debug|x86
		{C3D00056-4BD7-4273-A057-55A1786E4973}.Debug|x86.Build.0 = Debug|x86
		{C3D00056-4BD7-4273-A057-55A1786E4973}.Debug|x86.Deploy.0 = Debug|x86
		{C3D00056-4BD7-4273-A057-55A1786E4973}.DevDebug|ARM64.ActiveCfg = DevDebug|ARM64
		{C3D00056-4BD7-4273-A057-55A1786E4973}.DevDebug|ARM64.Build.0 = DevDebug|ARM64
		{C3D00056-4BD7-4273-A057-55A1786E4973}.DevDebug|ARM64.Deploy.0 = DevDebug|ARM64
		{C3D00056-4BD7-4273-A057-55A1786E4973}.DevDebug|x64.ActiveCfg = DevDebug|x64
		{C3D00056-4BD7-4273-A057-55A1786E4973}.DevDebug|x64.Build.0 = DevDebug|x64
		{C3D00056-4BD7-4273-A057-55A1786E4973}.DevDebug|x64.Deploy.0 = DevDebug|x64
		{C3D00056-4BD7-4273-A057-55A1786E4973}.DevDebug|x86.ActiveCfg = DevDebug|x86
		{C3D00056-4BD7-4273-A057-55A1786E4973}.DevDebug|x86.Build.0 = DevDebug|x86
		{C3D00056-4BD7-4273-A057-55A1786E4973}.DevDebug|x86.Deploy.0 = DevDebug|x86
		{C3D00056-4BD7-4273-A057-55A1786E4973}.Release|ARM64.ActiveCfg = Release|ARM64
		{C3D00056-4BD7-4273-A057-55A1786E4973}.Release|ARM64.Build.0 = Release|ARM64
		{C3D00056-4BD7-4273-A057-55A1786E4973}.Release|ARM64.Deploy.0 = Release|ARM64
		{C3D00056-4BD7-4273-A057-55A1786E4973}.Release|x64.ActiveCfg = Release|x64
		{C3D00056-4BD7-4273-A057-55A1786E4973}.Release|x64.Build.0 = Release|x64
		{C3D00056-4BD7-4273-A057-55A1786E4973}.Release|x64.Deploy.0 = Release|x64
		{C3D00056-4BD7-4273-A057-55A1786E4973}.Release|x86.ActiveCfg = Release|x86
		{C3D00056-4BD7-4273-A057-55A1786E4973}.Release|x86.Build.0 = Release|x86
		{C3D00056-4BD7-4273-A057-55A1786E4973}.Release|x86.Deploy.0 = Release|x86
		{FFEF38CC-F018-445C-891B-00DE0D09FCD5}.Debug|ARM64.ActiveCfg = Debug|Any CPU
		{FFEF38CC-F018-445C-891B-00DE0D09FCD5}.Debug|ARM64.Build.0 = Debug|Any CPU
		{FFEF38CC-F018-445C-891B-00DE0D09FCD5}.Debug|x64.ActiveCfg = Debug|Any CPU
		{FFEF38CC-F018-445C-891B-00DE0D09FCD5}.Debug|x64.Build.0 = Debug|Any CPU
		{FFEF38CC-F018-445C-891B-00DE0D09FCD5}.Debug|x86.ActiveCfg = Debug|Any CPU
		{FFEF38CC-F018-445C-891B-00DE0D09FCD5}.Debug|x86.Build.0 = Debug|Any CPU
		{FFEF38CC-F018-445C-891B-00DE0D09FCD5}.DevDebug|ARM64.ActiveCfg = Debug|Any CPU
		{FFEF38CC-F018-445C-891B-00DE0D09FCD5}.DevDebug|ARM64.Build.0 = Debug|Any CPU
		{FFEF38CC-F018-445C-891B-00DE0D09FCD5}.DevDebug|x64.ActiveCfg = Debug|Any CPU
		{FFEF38CC-F018-445C-891B-00DE0D09FCD5}.DevDebug|x64.Build.0 = Debug|Any CPU
		{FFEF38CC-F018-445C-891B-00DE0D09FCD5}.DevDebug|x86.ActiveCfg = Debug|Any CPU
		{FFEF38CC-F018-445C-891B-00DE0D09FCD5}.DevDebug|x86.Build.0 = Debug|Any CPU
		{FFEF38CC-F018-445C-891B-00DE0D09FCD5}.Release|ARM64.ActiveCfg = Release|Any CPU
		{FFEF38CC-F018-445C-891B-00DE0D09FCD5}.Release|ARM64.Build.0 = Release|Any CPU
		{FFEF38CC-F018-445C-891B-00DE0D09FCD5}.Release|x64.ActiveCfg = Release|Any CPU
		{FFEF38CC-F018-445C-891B-00DE0D09FCD5}.Release|x64.Build.0 = Release|Any CPU
		{FFEF38CC-F018-445C-891B-00DE0D09FCD5}.Release|x86.ActiveCfg = Release|Any CPU
		{FFEF38CC-F018-445C-891B-00DE0D09FCD5}.Release|x86.Build.0 = Release|Any CPU
		{B65D254B-3B75-47CC-8457-F0E917C4F5EB}.Debug|ARM64.ActiveCfg = Debug|Any CPU
		{B65D254B-3B75-47CC-8457-F0E917C4F5EB}.Debug|ARM64.Build.0 = Debug|Any CPU
		{B65D254B-3B75-47CC-8457-F0E917C4F5EB}.Debug|x64.ActiveCfg = Debug|Any CPU
		{B65D254B-3B75-47CC-8457-F0E917C4F5EB}.Debug|x64.Build.0 = Debug|Any CPU
		{B65D254B-3B75-47CC-8457-F0E917C4F5EB}.Debug|x86.ActiveCfg = Debug|Any CPU
		{B65D254B-3B75-47CC-8457-F0E917C4F5EB}.Debug|x86.Build.0 = Debug|Any CPU
		{B65D254B-3B75-47CC-8457-F0E917C4F5EB}.DevDebug|ARM64.ActiveCfg = Debug|Any CPU
		{B65D254B-3B75-47CC-8457-F0E917C4F5EB}.DevDebug|ARM64.Build.0 = Debug|Any CPU
		{B65D254B-3B75-47CC-8457-F0E917C4F5EB}.DevDebug|x64.ActiveCfg = Debug|Any CPU
		{B65D254B-3B75-47CC-8457-F0E917C4F5EB}.DevDebug|x64.Build.0 = Debug|Any CPU
		{B65D254B-3B75-47CC-8457-F0E917C4F5EB}.DevDebug|x86.ActiveCfg = Debug|Any CPU
		{B65D254B-3B75-47CC-8457-F0E917C4F5EB}.DevDebug|x86.Build.0 = Debug|Any CPU
		{B65D254B-3B75-47CC-8457-F0E917C4F5EB}.Release|ARM64.ActiveCfg = Release|Any CPU
		{B65D254B-3B75-47CC-8457-F0E917C4F5EB}.Release|ARM64.Build.0 = Release|Any CPU
		{B65D254B-3B75-47CC-8457-F0E917C4F5EB}.Release|x64.ActiveCfg = Release|Any CPU
		{B65D254B-3B75-47CC-8457-F0E917C4F5EB}.Release|x64.Build.0 = Release|Any CPU
		{B65D254B-3B75-47CC-8457-F0E917C4F5EB}.Release|x86.ActiveCfg = Release|Any CPU
		{B65D254B-3B75-47CC-8457-F0E917C4F5EB}.Release|x86.Build.0 = Release|Any CPU
		{E3573D15-7578-4D21-92C9-A8570758E2BD}.Debug|ARM64.ActiveCfg = Debug|Any CPU
		{E3573D15-7578-4D21-92C9-A8570758E2BD}.Debug|ARM64.Build.0 = Debug|Any CPU
		{E3573D15-7578-4D21-92C9-A8570758E2BD}.Debug|x64.ActiveCfg = Debug|Any CPU
		{E3573D15-7578-4D21-92C9-A8570758E2BD}.Debug|x64.Build.0 = Debug|Any CPU
		{E3573D15-7578-4D21-92C9-A8570758E2BD}.Debug|x86.ActiveCfg = Debug|Any CPU
		{E3573D15-7578-4D21-92C9-A8570758E2BD}.Debug|x86.Build.0 = Debug|Any CPU
		{E3573D15-7578-4D21-92C9-A8570758E2BD}.DevDebug|ARM64.ActiveCfg = Debug|Any CPU
		{E3573D15-7578-4D21-92C9-A8570758E2BD}.DevDebug|ARM64.Build.0 = Debug|Any CPU
		{E3573D15-7578-4D21-92C9-A8570758E2BD}.DevDebug|x64.ActiveCfg = Debug|Any CPU
		{E3573D15-7578-4D21-92C9-A8570758E2BD}.DevDebug|x64.Build.0 = Debug|Any CPU
		{E3573D15-7578-4D21-92C9-A8570758E2BD}.DevDebug|x86.ActiveCfg = Debug|Any CPU
		{E3573D15-7578-4D21-92C9-A8570758E2BD}.DevDebug|x86.Build.0 = Debug|Any CPU
		{E3573D15-7578-4D21-92C9-A8570758E2BD}.Release|ARM64.ActiveCfg = Release|Any CPU
		{E3573D15-7578-4D21-92C9-A8570758E2BD}.Release|ARM64.Build.0 = Release|Any CPU
		{E3573D15-7578-4D21-92C9-A8570758E2BD}.Release|x64.ActiveCfg = Release|Any CPU
		{E3573D15-7578-4D21-92C9-A8570758E2BD}.Release|x64.Build.0 = Release|Any CPU
		{E3573D15-7578-4D21-92C9-A8570758E2BD}.Release|x86.ActiveCfg = Release|Any CPU
		{E3573D15-7578-4D21-92C9-A8570758E2BD}.Release|x86.Build.0 = Release|Any CPU
		{186897A3-201C-4ACE-9063-88E821B9EB10}.Debug|ARM64.ActiveCfg = Debug|Any CPU
		{186897A3-201C-4ACE-9063-88E821B9EB10}.Debug|ARM64.Build.0 = Debug|Any CPU
		{186897A3-201C-4ACE-9063-88E821B9EB10}.Debug|x64.ActiveCfg = Debug|Any CPU
		{186897A3-201C-4ACE-9063-88E821B9EB10}.Debug|x64.Build.0 = Debug|Any CPU
		{186897A3-201C-4ACE-9063-88E821B9EB10}.Debug|x86.ActiveCfg = Debug|Any CPU
		{186897A3-201C-4ACE-9063-88E821B9EB10}.Debug|x86.Build.0 = Debug|Any CPU
		{186897A3-201C-4ACE-9063-88E821B9EB10}.DevDebug|ARM64.ActiveCfg = Debug|Any CPU
		{186897A3-201C-4ACE-9063-88E821B9EB10}.DevDebug|ARM64.Build.0 = Debug|Any CPU
		{186897A3-201C-4ACE-9063-88E821B9EB10}.DevDebug|x64.ActiveCfg = Debug|Any CPU
		{186897A3-201C-4ACE-9063-88E821B9EB10}.DevDebug|x64.Build.0 = Debug|Any CPU
		{186897A3-201C-4ACE-9063-88E821B9EB10}.DevDebug|x86.ActiveCfg = Debug|Any CPU
		{186897A3-201C-4ACE-9063-88E821B9EB10}.DevDebug|x86.Build.0 = Debug|Any CPU
		{186897A3-201C-4ACE-9063-88E821B9EB10}.Release|ARM64.ActiveCfg = Release|Any CPU
		{186897A3-201C-4ACE-9063-88E821B9EB10}.Release|ARM64.Build.0 = Release|Any CPU
		{186897A3-201C-4ACE-9063-88E821B9EB10}.Release|x64.ActiveCfg = Release|Any CPU
		{186897A3-201C-4ACE-9063-88E821B9EB10}.Release|x64.Build.0 = Release|Any CPU
		{186897A3-201C-4ACE-9063-88E821B9EB10}.Release|x86.ActiveCfg = Release|Any CPU
		{186897A3-201C-4ACE-9063-88E821B9EB10}.Release|x86.Build.0 = Release|Any CPU
	EndGlobalSection
	GlobalSection(SolutionProperties) = preSolution
		HideSolutionNode = FALSE
	EndGlobalSection
	GlobalSection(ExtensibilityGlobals) = postSolution
		SolutionGuid = {129639C2-84CE-4D3A-A091-9A6E2C8D7FC1}
	EndGlobalSection
EndGlobal
